# THIS IS AN AUTOGENERATED FILE. DO NOT EDIT THIS FILE DIRECTLY.
# yarn lockfile v1


"@ant-design/colors@^3.1.0":
  version "3.1.0"
  resolved "https://registry.npm.taobao.org/@ant-design/colors/download/@ant-design/colors-3.1.0.tgz#b7e2cc61a4e86d3d109494034acfb1222dacaa3c"
  integrity sha1-t+LMYaTobT0QlJQDSs+xIi2sqjw=
  dependencies:
    tinycolor2 "^1.4.1"

"@ant-design/icons-svg@^4.0.0":
  version "4.0.0"
  resolved "https://registry.npm.taobao.org/@ant-design/icons-svg/download/@ant-design/icons-svg-4.0.0.tgz?cache=0&sync_timestamp=1582859748680&other_urls=https%3A%2F%2Fregistry.npm.taobao.org%2F%40ant-design%2Ficons-svg%2Fdownload%2F%40ant-design%2Ficons-svg-4.0.0.tgz#6683db0df97c0c6900bb28a280faf391522ec734"
  integrity sha1-ZoPbDfl8DGkAuyiigPrzkVIuxzQ=

"@ant-design/icons@^4.0.0":
  version "4.0.5"
  resolved "https://registry.npm.taobao.org/@ant-design/icons/download/@ant-design/icons-4.0.5.tgz#2433cad04abc7f48d61a487297b326c152a35935"
  integrity sha1-JDPK0Eq8f0jWGkhyl7MmwVKjWTU=
  dependencies:
    "@ant-design/colors" "^3.1.0"
    "@ant-design/icons-svg" "^4.0.0"
    classnames "^2.2.6"
    insert-css "^2.0.0"
    rc-util "^4.9.0"

"@ant-design/react-slick@~0.25.5":
  version "0.25.5"
  resolved "https://registry.npm.taobao.org/@ant-design/react-slick/download/@ant-design/react-slick-0.25.5.tgz#18f40abaa22c15dc26da9c473d24da38d4d8f334"
  integrity sha1-GPQKuqIsFdwm2pxHPSTaONTY8zQ=
  dependencies:
    classnames "^2.2.5"
    json2mq "^0.2.0"
    lodash "^4.17.15"
    resize-observer-polyfill "^1.5.0"

"@babel/runtime@^7.1.2", "@babel/runtime@^7.4.0":
  version "7.5.5"
  resolved "https://registry.npm.taobao.org/@babel/runtime/download/@babel/runtime-7.5.5.tgz#74fba56d35efbeca444091c7850ccd494fd2f132"
  integrity sha1-dPulbTXvvspEQJHHhQzNSU/S8TI=
  dependencies:
    regenerator-runtime "^0.13.2"

"@babel/runtime@^7.8.4":
  version "7.9.2"
  resolved "https://registry.npm.taobao.org/@babel/runtime/download/@babel/runtime-7.9.2.tgz#d90df0583a3a252f09aaa619665367bae518db06"
  integrity sha1-2Q3wWDo6JS8JqqYZZlNnuuUY2wY=
  dependencies:
    regenerator-runtime "^0.13.4"

"@types/history@*":
  version "4.7.2"
  resolved "https://registry.npm.taobao.org/@types/history/download/@types/history-4.7.2.tgz#0e670ea254d559241b6eeb3894f8754991e73220"
  integrity sha1-DmcOolTVWSQbbus4lPh1SZHnMiA=

"@types/hoist-non-react-statics@^3.3.1":
  version "3.3.1"
  resolved "https://registry.npm.taobao.org/@types/hoist-non-react-statics/download/@types/hoist-non-react-statics-3.3.1.tgz#1124aafe5118cb591977aeb1ceaaed1070eb039f"
  integrity sha1-ESSq/lEYy1kZd66xzqrtEHDrA58=
  dependencies:
    "@types/react" "*"
    hoist-non-react-statics "^3.3.0"

"@types/lodash@^4.14.149":
  version "4.14.149"
  resolved "https://registry.npm.taobao.org/@types/lodash/download/@types/lodash-4.14.149.tgz#1342d63d948c6062838fbf961012f74d4e638440"
  integrity sha1-E0LWPZSMYGKDj7+WEBL3TU5jhEA=

"@types/prop-types@*":
  version "15.7.1"
  resolved "https://registry.npm.taobao.org/@types/prop-types/download/@types/prop-types-15.7.1.tgz?cache=0&other_urls=https%3A%2F%2Fregistry.npm.taobao.org%2F%40types%2Fprop-types%2Fdownload%2F%40types%2Fprop-types-15.7.1.tgz#f1a11e7babb0c3cad68100be381d1e064c68f1f6"
  integrity sha1-8aEee6uww8rWgQC+OB0eBkxo8fY=

"@types/qs@^6.9.1":
  version "6.9.1"
  resolved "https://registry.npm.taobao.org/@types/qs/download/@types/qs-6.9.1.tgz#937fab3194766256ee09fcd40b781740758617e7"
  integrity sha1-k3+rMZR2YlbuCfzUC3gXQHWGF+c=

"@types/react-lifecycles-compat@^3.0.1":
  version "3.0.1"
  resolved "https://registry.npm.taobao.org/@types/react-lifecycles-compat/download/@types/react-lifecycles-compat-3.0.1.tgz#a0b1fe18cfb9435bd52737829a69cbe93faf32e2"
  integrity sha1-oLH+GM+5Q1vVJzeCmmnL6T+vMuI=
  dependencies:
    "@types/react" "*"

"@types/react-router@^5.1.4":
  version "5.1.4"
  resolved "https://registry.npm.taobao.org/@types/react-router/download/@types/react-router-5.1.4.tgz#7d70bd905543cb6bcbdcc6bd98902332054f31a6"
  integrity sha1-fXC9kFVDy2vL3Ma9mJAjMgVPMaY=
  dependencies:
    "@types/history" "*"
    "@types/react" "*"

"@types/react@*", "@types/react@^16.9.27":
  version "16.9.27"
  resolved "https://registry.npm.taobao.org/@types/react/download/@types/react-16.9.27.tgz#7fc5db99e3ec3f21735b44d3560cff684856814a"
  integrity sha1-f8XbmePsPyFzW0TTVgz/aEhWgUo=
  dependencies:
    "@types/prop-types" "*"
    csstype "^2.2.0"

"@types/shallowequal@^1.1.1":
  version "1.1.1"
  resolved "https://registry.npm.taobao.org/@types/shallowequal/download/@types/shallowequal-1.1.1.tgz?cache=0&sync_timestamp=1580868149357&other_urls=https%3A%2F%2Fregistry.npm.taobao.org%2F%40types%2Fshallowequal%2Fdownload%2F%40types%2Fshallowequal-1.1.1.tgz#aad262bb3f2b1257d94c71d545268d592575c9b1"
  integrity sha1-qtJiuz8rElfZTHHVRSaNWSV1ybE=

add-dom-event-listener@^1.1.0:
  version "1.1.0"
  resolved "https://registry.npm.taobao.org/add-dom-event-listener/download/add-dom-event-listener-1.1.0.tgz#6a92db3a0dd0abc254e095c0f1dc14acbbaae310"
  integrity sha1-apLbOg3Qq8JU4JXA8dwUrLuq4xA=
  dependencies:
    object-assign "4.x"

antd@^4.1.0:
  version "4.1.0"
  resolved "https://registry.npm.taobao.org/antd/download/antd-4.1.0.tgz#1e0b07a19d4887e09d47bdd50a3b483bb2c372c4"
  integrity sha1-HgsHoZ1Ih+CdR73VCjtIO7LDcsQ=
  dependencies:
    "@ant-design/icons" "^4.0.0"
    "@ant-design/react-slick" "~0.25.5"
    array-tree-filter "^2.1.0"
    classnames "~2.2.6"
    copy-to-clipboard "^3.2.0"
    css-animation "^1.5.0"
    lodash "^4.17.13"
    moment "^2.24.0"
    omit.js "^1.0.2"
    prop-types "^15.7.2"
    raf "^3.4.1"
    rc-animate "~2.10.2"
    rc-cascader "~1.0.0"
    rc-checkbox "~2.1.6"
    rc-collapse "~1.11.3"
    rc-dialog "~7.6.0"
    rc-drawer "~3.1.1"
    rc-dropdown "~3.0.0"
    rc-field-form "~1.1.0"
    rc-input-number "~4.5.4"
    rc-mentions "~1.0.0"
    rc-menu "~8.0.1"
    rc-notification "~4.0.0"
    rc-pagination "~2.2.0"
    rc-picker "~1.4.0"
    rc-progress "~2.5.0"
    rc-rate "~2.5.1"
    rc-resize-observer "^0.2.0"
    rc-select "~10.1.0"
    rc-slider "~9.2.3"
    rc-steps "~3.5.0"
    rc-switch "~1.9.0"
    rc-table "~7.3.0"
    rc-tabs "~10.1.1"
    rc-tooltip "~4.0.2"
    rc-tree "~3.1.0"
    rc-tree-select "~3.1.0"
    rc-trigger "~4.0.0"
    rc-upload "~3.0.0"
    rc-util "^4.20.0"
    rc-virtual-list "^1.1.0"
    resize-observer-polyfill "^1.5.1"
    scroll-into-view-if-needed "^2.2.20"
    warning "~4.0.3"

array-tree-filter@^2.1.0:
  version "2.1.0"
  resolved "https://registry.npm.taobao.org/array-tree-filter/download/array-tree-filter-2.1.0.tgz#873ac00fec83749f255ac8dd083814b4f6329190"
  integrity sha1-hzrAD+yDdJ8lWsjdCDgUtPYykZA=

async-validator@^3.0.3:
  version "3.2.4"
  resolved "https://registry.npm.taobao.org/async-validator/download/async-validator-3.2.4.tgz?cache=0&sync_timestamp=1583827366142&other_urls=https%3A%2F%2Fregistry.npm.taobao.org%2Fasync-validator%2Fdownload%2Fasync-validator-3.2.4.tgz#4e773a1d0d741016b455b7995b469a47cce0dbe0"
  integrity sha1-Tnc6HQ10EBa0VbeZW0aaR8zg2+A=

babel-runtime@6.x, babel-runtime@^6.23.0, babel-runtime@^6.26.0:
  version "6.26.0"
  resolved "https://registry.npm.taobao.org/babel-runtime/download/babel-runtime-6.26.0.tgz#965c7058668e82b55d7bfe04ff2337bc8b5647fe"
  integrity sha1-llxwWGaOgrVde/4E/yM3vItWR/4=
  dependencies:
    core-js "^2.4.0"
    regenerator-runtime "^0.11.0"

balanced-match@^1.0.0:
  version "1.0.0"
  resolved "https://registry.npm.taobao.org/balanced-match/download/balanced-match-1.0.0.tgz#89b4d199ab2bee49de164ea02b89ce462d71b767"
  integrity sha1-ibTRmasr7kneFk6gK4nORi1xt2c=

brace-expansion@^1.1.7:
  version "1.1.11"
  resolved "https://registry.npm.taobao.org/brace-expansion/download/brace-expansion-1.1.11.tgz#3c7fcbf529d87226f3d2f52b966ff5271eb441dd"
  integrity sha1-PH/L9SnYcibz0vUrlm/1Jx60Qd0=
  dependencies:
    balanced-match "^1.0.0"
    concat-map "0.0.1"

classnames@2.x, classnames@^2.2.0, classnames@^2.2.1, classnames@^2.2.3, classnames@^2.2.5, classnames@^2.2.6, classnames@~2.2.6:
  version "2.2.6"
  resolved "https://registry.npm.taobao.org/classnames/download/classnames-2.2.6.tgz#43935bffdd291f326dad0a205309b38d00f650ce"
  integrity sha1-Q5Nb/90pHzJtrQogUwmzjQD2UM4=

component-classes@^1.2.5, component-classes@^1.2.6:
  version "1.2.6"
  resolved "https://registry.npm.taobao.org/component-classes/download/component-classes-1.2.6.tgz#c642394c3618a4d8b0b8919efccbbd930e5cd691"
  integrity sha1-xkI5TDYYpNiwuJGe/Mu9kw5c1pE=
  dependencies:
    component-indexof "0.0.3"

component-indexof@0.0.3:
  version "0.0.3"
  resolved "https://registry.npm.taobao.org/component-indexof/download/component-indexof-0.0.3.tgz#11d091312239eb8f32c8f25ae9cb002ffe8d3c24"
  integrity sha1-EdCRMSI5648yyPJa6csAL/6NPCQ=

compute-scroll-into-view@^1.0.13:
  version "1.0.13"
  resolved "https://registry.npm.taobao.org/compute-scroll-into-view/download/compute-scroll-into-view-1.0.13.tgz#be1b1663b0e3f56cd5f7713082549f562a3477e2"
  integrity sha1-vhsWY7Dj9WzV93EwglSfVio0d+I=

concat-map@0.0.1:
  version "0.0.1"
  resolved "https://registry.npm.taobao.org/concat-map/download/concat-map-0.0.1.tgz?cache=0&other_urls=https%3A%2F%2Fregistry.npm.taobao.org%2Fconcat-map%2Fdownload%2Fconcat-map-0.0.1.tgz#d8a96bd77fd68df7793a73036a3ba0d5405d477b"
  integrity sha1-2Klr13/Wjfd5OnMDajug1UBdR3s=

copy-to-clipboard@^3.2.0:
  version "3.2.0"
  resolved "https://registry.npm.taobao.org/copy-to-clipboard/download/copy-to-clipboard-3.2.0.tgz#d2724a3ccbfed89706fac8a894872c979ac74467"
  integrity sha1-0nJKPMv+2JcG+siolIcsl5rHRGc=
  dependencies:
    toggle-selection "^1.0.6"

core-js@^2.4.0:
  version "2.6.9"
  resolved "https://registry.npm.taobao.org/core-js/download/core-js-2.6.9.tgz?cache=0&other_urls=https%3A%2F%2Fregistry.npm.taobao.org%2Fcore-js%2Fdownload%2Fcore-js-2.6.9.tgz#6b4b214620c834152e179323727fc19741b084f2"
  integrity sha1-a0shRiDINBUuF5Mjcn/Bl0GwhPI=

cross-env@^7.0.2:
  version "7.0.2"
  resolved "https://registry.npm.taobao.org/cross-env/download/cross-env-7.0.2.tgz?cache=0&other_urls=https%3A%2F%2Fregistry.npm.taobao.org%2Fcross-env%2Fdownload%2Fcross-env-7.0.2.tgz#bd5ed31339a93a3418ac4f3ca9ca3403082ae5f9"
  integrity sha1-vV7TEzmpOjQYrE88qco0Awgq5fk=
  dependencies:
    cross-spawn "^7.0.1"

cross-spawn@^7.0.1:
  version "7.0.1"
  resolved "https://registry.npm.taobao.org/cross-spawn/download/cross-spawn-7.0.1.tgz#0ab56286e0f7c24e153d04cc2aa027e43a9a5d14"
  integrity sha1-CrVihuD3wk4VPQTMKqAn5DqaXRQ=
  dependencies:
    path-key "^3.1.0"
    shebang-command "^2.0.0"
    which "^2.0.1"

css-animation@1.x, css-animation@^1.3.2, css-animation@^1.5.0:
  version "1.6.1"
  resolved "https://registry.npm.taobao.org/css-animation/download/css-animation-1.6.1.tgz#162064a3b0d51f958b7ff37b3d6d4de18e17039e"
  integrity sha1-FiBko7DVH5WLf/N7PW1N4Y4XA54=
  dependencies:
    babel-runtime "6.x"
    component-classes "^1.2.5"

csstype@^2.2.0:
  version "2.6.6"
  resolved "https://registry.npm.taobao.org/csstype/download/csstype-2.6.6.tgz?cache=0&other_urls=https%3A%2F%2Fregistry.npm.taobao.org%2Fcsstype%2Fdownload%2Fcsstype-2.6.6.tgz#c34f8226a94bbb10c32cc0d714afdf942291fc41"
  integrity sha1-w0+CJqlLuxDDLMDXFK/flCKR/EE=

dom-align@^1.7.0:
  version "1.10.1"
  resolved "https://registry.npm.taobao.org/dom-align/download/dom-align-1.10.1.tgz#515e7469b78a69ab8ff0adb5f866d0840467a6bb"
  integrity sha1-UV50abeKaauP8K21+GbQhARnprs=

fs.realpath@^1.0.0:
  version "1.0.0"
  resolved "https://registry.npm.taobao.org/fs.realpath/download/fs.realpath-1.0.0.tgz#1504ad2523158caa40db4a2787cb01411994ea4f"
  integrity sha1-FQStJSMVjKpA20onh8sBQRmU6k8=

glob@^7.1.3:
  version "7.1.4"
  resolved "https://registry.npm.taobao.org/glob/download/glob-7.1.4.tgz#aa608a2f6c577ad357e1ae5a5c26d9a8d1969255"
  integrity sha1-qmCKL2xXetNX4a5aXCbZqNGWklU=
  dependencies:
    fs.realpath "^1.0.0"
    inflight "^1.0.4"
    inherits "2"
    minimatch "^3.0.4"
    once "^1.3.0"
    path-is-absolute "^1.0.0"

gud@^1.0.0:
  version "1.0.0"
  resolved "https://registry.npm.taobao.org/gud/download/gud-1.0.0.tgz#a489581b17e6a70beca9abe3ae57de7a499852c0"
  integrity sha1-pIlYGxfmpwvsqavjrlfeekmYUsA=

hammerjs@^2.0.8:
  version "2.0.8"
  resolved "https://registry.npm.taobao.org/hammerjs/download/hammerjs-2.0.8.tgz#04ef77862cff2bb79d30f7692095930222bf60f1"
  integrity sha1-BO93hiz/K7edMPdpIJWTAiK/YPE=

history@^4.9.0:
  version "4.9.0"
  resolved "https://registry.npm.taobao.org/history/download/history-4.9.0.tgz#84587c2068039ead8af769e9d6a6860a14fa1bca"
  integrity sha1-hFh8IGgDnq2K92np1qaGChT6G8o=
  dependencies:
    "@babel/runtime" "^7.1.2"
    loose-envify "^1.2.0"
    resolve-pathname "^2.2.0"
    tiny-invariant "^1.0.2"
    tiny-warning "^1.0.0"
    value-equal "^0.4.0"

hoist-non-react-statics@^2.3.1:
  version "2.5.5"
  resolved "https://registry.npm.taobao.org/hoist-non-react-statics/download/hoist-non-react-statics-2.5.5.tgz#c5903cf409c0dfd908f388e619d86b9c1174cb47"
  integrity sha1-xZA89AnA39kI84jmGdhrnBF0y0c=

hoist-non-react-statics@^3.1.0, hoist-non-react-statics@^3.3.0:
  version "3.3.0"
  resolved "https://registry.npm.taobao.org/hoist-non-react-statics/download/hoist-non-react-statics-3.3.0.tgz#b09178f0122184fb95acf525daaecb4d8f45958b"
  integrity sha1-sJF48BIhhPuVrPUl2q7LTY9FlYs=
  dependencies:
    react-is "^16.7.0"

inflight@^1.0.4:
  version "1.0.6"
  resolved "https://registry.npm.taobao.org/inflight/download/inflight-1.0.6.tgz#49bd6331d7d02d0c09bc910a1075ba8165b56df9"
  integrity sha1-Sb1jMdfQLQwJvJEKEHW6gWW1bfk=
  dependencies:
    once "^1.3.0"
    wrappy "1"

inherits@2:
  version "2.0.4"
  resolved "https://registry.npm.taobao.org/inherits/download/inherits-2.0.4.tgz#0fa2c64f932917c3433a0ded55363aae37416b7c"
  integrity sha1-D6LGT5MpF8NDOg3tVTY6rjdBa3w=

insert-css@^2.0.0:
  version "2.0.0"
  resolved "https://registry.npm.taobao.org/insert-css/download/insert-css-2.0.0.tgz#eb5d1097b7542f4c79ea3060d3aee07d053880f4"
  integrity sha1-610Ql7dUL0x56jBg067gfQU4gPQ=

isarray@0.0.1:
  version "0.0.1"
  resolved "https://registry.npm.taobao.org/isarray/download/isarray-0.0.1.tgz?cache=0&sync_timestamp=1562592125418&other_urls=https%3A%2F%2Fregistry.npm.taobao.org%2Fisarray%2Fdownload%2Fisarray-0.0.1.tgz#8a18acfca9a8f4177e09abfc6038939b05d1eedf"
  integrity sha1-ihis/Kmo9Bd+Cav8YDiTmwXR7t8=

isexe@^2.0.0:
  version "2.0.0"
  resolved "https://registry.npm.taobao.org/isexe/download/isexe-2.0.0.tgz#e8fbf374dc556ff8947a10dcb0572d633f2cfa10"
  integrity sha1-6PvzdNxVb/iUehDcsFctYz8s+hA=

"js-tokens@^3.0.0 || ^4.0.0":
  version "4.0.0"
  resolved "https://registry.npm.taobao.org/js-tokens/download/js-tokens-4.0.0.tgz#19203fb59991df98e3a287050d4647cdeaf32499"
  integrity sha1-GSA/tZmR35jjoocFDUZHzerzJJk=

json2mq@^0.2.0:
  version "0.2.0"
  resolved "https://registry.npm.taobao.org/json2mq/download/json2mq-0.2.0.tgz#b637bd3ba9eabe122c83e9720483aeb10d2c904a"
  integrity sha1-tje9O6nqvhIsg+lyBIOusQ0skEo=
  dependencies:
    string-convert "^0.2.0"

lodash._getnative@^3.0.0:
  version "3.9.1"
  resolved "https://registry.npm.taobao.org/lodash._getnative/download/lodash._getnative-3.9.1.tgz#570bc7dede46d61cdcde687d65d3eecbaa3aaff5"
  integrity sha1-VwvH3t5G1hzc3mh9ZdPuy6o6r/U=

lodash.isarguments@^3.0.0:
  version "3.1.0"
  resolved "https://registry.npm.taobao.org/lodash.isarguments/download/lodash.isarguments-3.1.0.tgz#2f573d85c6a24289ff00663b491c1d338ff3458a"
  integrity sha1-L1c9hcaiQon/AGY7SRwdM4/zRYo=

lodash.isarray@^3.0.0:
  version "3.0.4"
  resolved "https://registry.npm.taobao.org/lodash.isarray/download/lodash.isarray-3.0.4.tgz#79e4eb88c36a8122af86f844aa9bcd851b5fbb55"
  integrity sha1-eeTriMNqgSKvhvhEqpvNhRtfu1U=

lodash.keys@^3.1.2:
  version "3.1.2"
  resolved "https://registry.npm.taobao.org/lodash.keys/download/lodash.keys-3.1.2.tgz#4dbc0472b156be50a0b286855d1bd0b0c656098a"
  integrity sha1-TbwEcrFWvlCgsoaFXRvQsMZWCYo=
  dependencies:
    lodash._getnative "^3.0.0"
    lodash.isarguments "^3.0.0"
    lodash.isarray "^3.0.0"

lodash@^4.17.13, lodash@^4.17.15, lodash@^4.17.5:
  version "4.17.15"
  resolved "https://registry.npm.taobao.org/lodash/download/lodash-4.17.15.tgz#b447f6670a0455bbfeedd11392eff330ea097548"
  integrity sha1-tEf2ZwoEVbv+7dETku/zMOoJdUg=

loose-envify@^1.0.0, loose-envify@^1.1.0, loose-envify@^1.2.0, loose-envify@^1.3.1, loose-envify@^1.4.0:
  version "1.4.0"
  resolved "https://registry.npm.taobao.org/loose-envify/download/loose-envify-1.4.0.tgz#71ee51fa7be4caec1a63839f7e682d8132d30caf"
  integrity sha1-ce5R+nvkyuwaY4OffmgtgTLTDK8=
  dependencies:
    js-tokens "^3.0.0 || ^4.0.0"

mini-create-react-context@^0.3.0:
  version "0.3.2"
  resolved "https://registry.npm.taobao.org/mini-create-react-context/download/mini-create-react-context-0.3.2.tgz#79fc598f283dd623da8e088b05db8cddab250189"
  integrity sha1-efxZjyg91iPajgiLBduM3aslAYk=
  dependencies:
    "@babel/runtime" "^7.4.0"
    gud "^1.0.0"
    tiny-warning "^1.0.2"

mini-store@^2.0.0:
  version "2.0.0"
  resolved "https://registry.npm.taobao.org/mini-store/download/mini-store-2.0.0.tgz#0843c048d6942ce55e3e78b1b67fc063022b5488"
  integrity sha1-CEPASNaULOVePnixtn/AYwIrVIg=
  dependencies:
    hoist-non-react-statics "^2.3.1"
    prop-types "^15.6.0"
    react-lifecycles-compat "^3.0.4"
    shallowequal "^1.0.2"

mini-store@^3.0.1:
  version "3.0.1"
  resolved "https://registry.npm.taobao.org/mini-store/download/mini-store-3.0.1.tgz?cache=0&sync_timestamp=1585293904206&other_urls=https%3A%2F%2Fregistry.npm.taobao.org%2Fmini-store%2Fdownload%2Fmini-store-3.0.1.tgz#08751c84c551d12c82ba3639c22c7e1d595d69b9"
  integrity sha1-CHUchMVR0SyCujY5wix+HVldabk=
  dependencies:
    "@types/hoist-non-react-statics" "^3.3.1"
    "@types/react-lifecycles-compat" "^3.0.1"
    "@types/shallowequal" "^1.1.1"
    hoist-non-react-statics "^2.3.1"
    prop-types "^15.6.0"
    react-lifecycles-compat "^3.0.4"
    shallowequal "^1.0.2"
    typescript "^3.8.3"

minimatch@^3.0.4:
  version "3.0.4"
  resolved "https://registry.npm.taobao.org/minimatch/download/minimatch-3.0.4.tgz#5166e286457f03306064be5497e8dbb0c3d32083"
  integrity sha1-UWbihkV/AzBgZL5Ul+jbsMPTIIM=
  dependencies:
    brace-expansion "^1.1.7"

moment@^2.24.0:
  version "2.24.0"
  resolved "https://registry.npm.taobao.org/moment/download/moment-2.24.0.tgz#0d055d53f5052aa653c9f6eb68bb5d12bf5c2b5b"
  integrity sha1-DQVdU/UFKqZTyfbraLtdEr9cK1s=

object-assign@4.x, object-assign@^4.1.1:
  version "4.1.1"
  resolved "https://registry.npm.taobao.org/object-assign/download/object-assign-4.1.1.tgz#2109adc7965887cfc05cbbd442cac8bfbb360863"
  integrity sha1-IQmtx5ZYh8/AXLvUQsrIv7s2CGM=

omit.js@^1.0.2:
  version "1.0.2"
  resolved "https://registry.npm.taobao.org/omit.js/download/omit.js-1.0.2.tgz#91a14f0eba84066dfa015bf30e474c47f30bc858"
  integrity sha1-kaFPDrqEBm36AVvzDkdMR/MLyFg=
  dependencies:
    babel-runtime "^6.23.0"

once@^1.3.0:
  version "1.4.0"
  resolved "https://registry.npm.taobao.org/once/download/once-1.4.0.tgz#583b1aa775961d4b113ac17d9c50baef9dd76bd1"
  integrity sha1-WDsap3WWHUsROsF9nFC6753Xa9E=
  dependencies:
    wrappy "1"

path-is-absolute@^1.0.0:
  version "1.0.1"
  resolved "https://registry.npm.taobao.org/path-is-absolute/download/path-is-absolute-1.0.1.tgz#174b9268735534ffbc7ace6bf53a5a9e1b5c5f5f"
  integrity sha1-F0uSaHNVNP+8es5r9TpanhtcX18=

path-key@^3.1.0:
  version "3.1.1"
  resolved "https://registry.npm.taobao.org/path-key/download/path-key-3.1.1.tgz#581f6ade658cbba65a0d3380de7753295054f375"
  integrity sha1-WB9q3mWMu6ZaDTOA3ndTKVBU83U=

path-to-regexp@^1.7.0:
  version "1.7.0"
  resolved "https://registry.npm.taobao.org/path-to-regexp/download/path-to-regexp-1.7.0.tgz#59fde0f435badacba103a84e9d3bc64e96b9937d"
  integrity sha1-Wf3g9DW62suhA6hOnTvGTpa5k30=
  dependencies:
    isarray "0.0.1"

performance-now@^2.1.0:
  version "2.1.0"
  resolved "https://registry.npm.taobao.org/performance-now/download/performance-now-2.1.0.tgz#6309f4e0e5fa913ec1c69307ae364b4b377c9e7b"
  integrity sha1-Ywn04OX6kT7BxpMHrjZLSzd8nns=

prop-types@15.x, prop-types@^15.5.10, prop-types@^15.5.6, prop-types@^15.5.7, prop-types@^15.5.8, prop-types@^15.5.9, prop-types@^15.6.0, prop-types@^15.6.2, prop-types@^15.7.2:
  version "15.7.2"
  resolved "https://registry.npm.taobao.org/prop-types/download/prop-types-15.7.2.tgz#52c41e75b8c87e72b9d9360e0206b99dcbffa6c5"
  integrity sha1-UsQedbjIfnK52TYOAga5ncv/psU=
  dependencies:
    loose-envify "^1.4.0"
    object-assign "^4.1.1"
    react-is "^16.8.1"

qs@^6.9.3:
  version "6.9.3"
  resolved "https://registry.npm.taobao.org/qs/download/qs-6.9.3.tgz#bfadcd296c2d549f1dffa560619132c977f5008e"
  integrity sha1-v63NKWwtVJ8d/6VgYZEyyXf1AI4=

raf@^3.4.0, raf@^3.4.1:
  version "3.4.1"
  resolved "https://registry.npm.taobao.org/raf/download/raf-3.4.1.tgz#0742e99a4a6552f445d73e3ee0328af0ff1ede39"
  integrity sha1-B0LpmkplUvRF1z4+4DKK8P8e3jk=
  dependencies:
    performance-now "^2.1.0"

rc-align@^3.0.0-rc.0:
  version "3.0.0-rc.1"
  resolved "https://registry.npm.taobao.org/rc-align/download/rc-align-3.0.0-rc.1.tgz?cache=0&sync_timestamp=1578313434900&other_urls=https%3A%2F%2Fregistry.npm.taobao.org%2Frc-align%2Fdownload%2Frc-align-3.0.0-rc.1.tgz#32d1fac860d12bb85e9b8cafbbdef79f3f537674"
  integrity sha1-MtH6yGDRK7hem4yvu973nz9TdnQ=
  dependencies:
    classnames "2.x"
    dom-align "^1.7.0"
    rc-util "^4.12.0"
    resize-observer-polyfill "^1.5.1"

rc-animate@2.x:
  version "2.9.2"
  resolved "https://registry.npm.taobao.org/rc-animate/download/rc-animate-2.9.2.tgz#5964767805c886f1bdc7563d3935a74912a0b78f"
  integrity sha1-WWR2eAXIhvG9x1Y9OTWnSRKgt48=
  dependencies:
    babel-runtime "6.x"
    classnames "^2.2.6"
    css-animation "^1.3.2"
    prop-types "15.x"
    raf "^3.4.0"
    rc-util "^4.8.0"
    react-lifecycles-compat "^3.0.4"

rc-animate@^2.10.0, rc-animate@^2.10.1, rc-animate@^2.10.2, rc-animate@^2.9.2, rc-animate@~2.10.2:
  version "2.10.3"
  resolved "https://registry.npm.taobao.org/rc-animate/download/rc-animate-2.10.3.tgz#163d5e29281a4ff82d53ee7918eeeac856b756f9"
  integrity sha1-Fj1eKSgaT/gtU+55GO7qyFa3Vvk=
  dependencies:
    babel-runtime "6.x"
    classnames "^2.2.6"
    css-animation "^1.3.2"
    prop-types "15.x"
    raf "^3.4.0"
    rc-util "^4.15.3"
    react-lifecycles-compat "^3.0.4"

rc-cascader@~1.0.0:
  version "1.0.1"
  resolved "https://registry.npm.taobao.org/rc-cascader/download/rc-cascader-1.0.1.tgz#770de1e1fa7bd559aabd4d59e525819b8bc809b7"
  integrity sha1-dw3h4fp71VmqvU1Z5SWBm4vICbc=
  dependencies:
    array-tree-filter "^2.1.0"
    rc-trigger "^4.0.0"
    rc-util "^4.0.4"
    warning "^4.0.1"

rc-checkbox@~2.1.6:
  version "2.1.7"
  resolved "https://registry.npm.taobao.org/rc-checkbox/download/rc-checkbox-2.1.7.tgz#ae6785525cf35fa4c62d706c4a1ff7b2b1fcb821"
  integrity sha1-rmeFUlzzX6TGLXBsSh/3srH8uCE=
  dependencies:
    babel-runtime "^6.23.0"
    classnames "2.x"
    prop-types "15.x"
    react-lifecycles-compat "^3.0.4"

rc-collapse@~1.11.3:
  version "1.11.3"
  resolved "https://registry.npm.taobao.org/rc-collapse/download/rc-collapse-1.11.3.tgz#6f0c5ef65e66930c11fe9e7d2483a8a4c362f2d3"
  integrity sha1-bwxe9l5mkwwR/p59JIOopMNi8tM=
  dependencies:
    classnames "2.x"
    css-animation "1.x"
    prop-types "^15.5.6"
    rc-animate "2.x"
    react-is "^16.7.0"
    shallowequal "^1.1.0"

rc-dialog@~7.6.0:
  version "7.6.1"
  resolved "https://registry.npm.taobao.org/rc-dialog/download/rc-dialog-7.6.1.tgz?cache=0&sync_timestamp=1584699356539&other_urls=https%3A%2F%2Fregistry.npm.taobao.org%2Frc-dialog%2Fdownload%2Frc-dialog-7.6.1.tgz#11545ccc0b945934fa76079726e0d853e52d705f"
  integrity sha1-EVRczAuUWTT6dgeXJuDYU+UtcF8=
  dependencies:
    babel-runtime "6.x"
    rc-animate "2.x"
    rc-util "^4.16.1"

rc-drawer@~3.1.1:
  version "3.1.3"
  resolved "https://registry.npm.taobao.org/rc-drawer/download/rc-drawer-3.1.3.tgz#cbcb04d4c07f0b66f2ece11d847f4a1bd80ea0b7"
  integrity sha1-y8sE1MB/C2by7OEdhH9KG9gOoLc=
  dependencies:
    classnames "^2.2.6"
    rc-util "^4.16.1"
    react-lifecycles-compat "^3.0.4"

rc-dropdown@~3.0.0:
  version "3.0.2"
  resolved "https://registry.npm.taobao.org/rc-dropdown/download/rc-dropdown-3.0.2.tgz#e486b67f5e8e8b9e326426d5a80254621453d66a"
  integrity sha1-5Ia2f16Oi54yZCbVqAJUYhRT1mo=
  dependencies:
    babel-runtime "^6.26.0"
    classnames "^2.2.6"
    rc-trigger "^4.0.0"

rc-field-form@~1.1.0:
  version "1.1.1"
  resolved "https://registry.npm.taobao.org/rc-field-form/download/rc-field-form-1.1.1.tgz#73f6a2d414005453bb70240abf39247a35b6ae18"
  integrity sha1-c/ai1BQAVFO7cCQKvzkkejW2rhg=
  dependencies:
    "@babel/runtime" "^7.8.4"
    async-validator "^3.0.3"
    rc-util "^4.17.0"
    warning "^4.0.3"

rc-hammerjs@~0.6.0:
  version "0.6.9"
  resolved "https://registry.npm.taobao.org/rc-hammerjs/download/rc-hammerjs-0.6.9.tgz#9a4ddbda1b2ec8f9b9596091a6a989842a243907"
  integrity sha1-mk3b2hsuyPm5WWCRpqmJhCokOQc=
  dependencies:
    babel-runtime "6.x"
    hammerjs "^2.0.8"
    prop-types "^15.5.9"

rc-input-number@~4.5.4:
  version "4.5.6"
  resolved "https://registry.npm.taobao.org/rc-input-number/download/rc-input-number-4.5.6.tgz#0d52762b0ac39432256e2c6c5c836102f9797c46"
  integrity sha1-DVJ2KwrDlDIlbixsXINhAvl5fEY=
  dependencies:
    babel-runtime "6.x"
    classnames "^2.2.0"
    prop-types "^15.5.7"
    rc-util "^4.5.1"
    rmc-feedback "^2.0.0"

rc-mentions@~1.0.0:
  version "1.0.1"
  resolved "https://registry.npm.taobao.org/rc-mentions/download/rc-mentions-1.0.1.tgz?cache=0&sync_timestamp=1582778406743&other_urls=https%3A%2F%2Fregistry.npm.taobao.org%2Frc-mentions%2Fdownload%2Frc-mentions-1.0.1.tgz#4a82b5011ccd3f0008f69f3b2e29ab8c0d91b17f"
  integrity sha1-SoK1ARzNPwAI9p87LimrjA2RsX8=
  dependencies:
    classnames "^2.2.6"
    rc-menu "^8.0.1"
    rc-trigger "^4.0.0"
    rc-util "^4.6.0"

rc-menu@^8.0.1, rc-menu@~8.0.1:
  version "8.0.3"
  resolved "https://registry.npm.taobao.org/rc-menu/download/rc-menu-8.0.3.tgz#d553eaa892da6c02c74c9b1d2e778f140ace4d99"
  integrity sha1-1VPqqJLabALHTJsdLnePFArOTZk=
  dependencies:
    classnames "2.x"
    mini-store "^3.0.1"
    rc-animate "^2.10.1"
    rc-trigger "^4.0.0"
    rc-util "^4.13.0"
    resize-observer-polyfill "^1.5.0"
    scroll-into-view-if-needed "^2.2.20"
    shallowequal "^1.1.0"

rc-notification@~4.0.0:
  version "4.0.0"
  resolved "https://registry.npm.taobao.org/rc-notification/download/rc-notification-4.0.0.tgz?cache=0&other_urls=https%3A%2F%2Fregistry.npm.taobao.org%2Frc-notification%2Fdownload%2Frc-notification-4.0.0.tgz#ffe59783d6738003972dde8b9658f1acd469cd2c"
  integrity sha1-/+WXg9ZzgAOXLd6LlljxrNRpzSw=
  dependencies:
    classnames "2.x"
    rc-animate "2.x"
    rc-util "^4.0.4"

rc-pagination@~2.2.0:
  version "2.2.0"
  resolved "https://registry.npm.taobao.org/rc-pagination/download/rc-pagination-2.2.0.tgz#8daaab1b6ad664da2ddea842f86687b692eb775d"
  integrity sha1-jaqrG2rWZNot3qhC+GaHtpLrd10=
  dependencies:
    classnames "^2.2.1"

rc-picker@~1.4.0:
  version "1.4.2"
  resolved "https://registry.npm.taobao.org/rc-picker/download/rc-picker-1.4.2.tgz#b7955b7690d913177948ba0fc0640cc307d18874"
  integrity sha1-t5VbdpDZExd5SLoPwGQMwwfRiHQ=
  dependencies:
    classnames "^2.2.1"
    moment "^2.24.0"
    rc-trigger "^4.0.0"
    rc-util "^4.17.0"
    shallowequal "^1.1.0"

rc-progress@~2.5.0:
  version "2.5.1"
  resolved "https://registry.npm.taobao.org/rc-progress/download/rc-progress-2.5.1.tgz#ed5b573c0c8277a11e5a128ce5f5ca16f2e4dd6b"
  integrity sha1-7VtXPAyCd6EeWhKM5fXKFvLk3Ws=
  dependencies:
    babel-runtime "6.x"
    prop-types "^15.5.8"

rc-rate@~2.5.1:
  version "2.5.1"
  resolved "https://registry.npm.taobao.org/rc-rate/download/rc-rate-2.5.1.tgz#55fc5fd23ea9dcc72250b9a889803479f4842961"
  integrity sha1-Vfxf0j6p3MciULmoiYA0efSEKWE=
  dependencies:
    classnames "^2.2.5"
    prop-types "^15.5.8"
    rc-util "^4.3.0"
    react-lifecycles-compat "^3.0.4"

rc-resize-observer@^0.2.0:
  version "0.2.1"
  resolved "https://registry.npm.taobao.org/rc-resize-observer/download/rc-resize-observer-0.2.1.tgz#4610acb8a0f2a84b5e8d45664964ac32b5d3df72"
  integrity sha1-RhCsuKDyqEtejUVmSWSsMrXT33I=
  dependencies:
    classnames "^2.2.1"
    rc-util "^4.14.0"
    resize-observer-polyfill "^1.5.1"

rc-select@^10.1.0, rc-select@~10.1.0:
  version "10.1.6"
  resolved "https://registry.npm.taobao.org/rc-select/download/rc-select-10.1.6.tgz#584e6a0d465ba6df20e98e7b5cc6c404473a756d"
  integrity sha1-WE5qDUZbpt8g6Y57XMbEBEc6dW0=
  dependencies:
    classnames "2.x"
    rc-animate "^2.10.0"
    rc-trigger "^4.0.0"
    rc-util "^4.20.0"
    rc-virtual-list "^1.1.0"
    warning "^4.0.3"

rc-slider@~9.2.3:
  version "9.2.4"
  resolved "https://registry.npm.taobao.org/rc-slider/download/rc-slider-9.2.4.tgz#92e2b58c53def9921ae0fc2822727ab5785b9ed0"
  integrity sha1-kuK1jFPe+ZIa4PwoInJ6tXhbntA=
  dependencies:
    babel-runtime "6.x"
    classnames "^2.2.5"
    rc-tooltip "^4.0.0"
    rc-util "^4.0.4"
    shallowequal "^1.1.0"
    warning "^4.0.3"

rc-steps@~3.5.0:
  version "3.5.0"
  resolved "https://registry.npm.taobao.org/rc-steps/download/rc-steps-3.5.0.tgz#36b2a7f1f49907b0d90363884b18623caf9fb600"
  integrity sha1-NrKn8fSZB7DZA2OISxhiPK+ftgA=
  dependencies:
    babel-runtime "^6.23.0"
    classnames "^2.2.3"
    lodash "^4.17.5"
    prop-types "^15.5.7"

rc-switch@~1.9.0:
  version "1.9.0"
  resolved "https://registry.npm.taobao.org/rc-switch/download/rc-switch-1.9.0.tgz#ab2b878f2713c681358a453391976c9b95b290f7"
  integrity sha1-qyuHjycTxoE1ikUzkZdsm5WykPc=
  dependencies:
    classnames "^2.2.1"
    prop-types "^15.5.6"
    react-lifecycles-compat "^3.0.4"

rc-table@~7.3.0:
  version "7.3.14"
  resolved "https://registry.npm.taobao.org/rc-table/download/rc-table-7.3.14.tgz#d727bfcd8845ca5ff70599ee900d253792ac4a2e"
  integrity sha1-1ye/zYhFyl/3BZnukA0lN5KsSi4=
  dependencies:
    classnames "^2.2.5"
    component-classes "^1.2.6"
    lodash "^4.17.5"
    mini-store "^2.0.0"
    prop-types "^15.5.8"
    raf "^3.4.1"
    rc-resize-observer "^0.2.0"
    rc-util "^4.20.1"
    react-lifecycles-compat "^3.0.2"
    shallowequal "^1.1.0"

rc-tabs@~10.1.1:
  version "10.1.1"
  resolved "https://registry.npm.taobao.org/rc-tabs/download/rc-tabs-10.1.1.tgz#847d8c2038842a3cb5f2e74935d0e38b85fce61e"
  integrity sha1-hH2MIDiEKjy18udJNdDji4X85h4=
  dependencies:
    classnames "2.x"
    lodash "^4.17.5"
    rc-hammerjs "~0.6.0"
    resize-observer-polyfill "^1.5.1"
    warning "^4.0.3"

rc-tooltip@^4.0.0, rc-tooltip@~4.0.2:
  version "4.0.3"
  resolved "https://registry.npm.taobao.org/rc-tooltip/download/rc-tooltip-4.0.3.tgz?cache=0&sync_timestamp=1584326722296&other_urls=https%3A%2F%2Fregistry.npm.taobao.org%2Frc-tooltip%2Fdownload%2Frc-tooltip-4.0.3.tgz#728b760863643ec2e85827a2e7fb28d961b3b759"
  integrity sha1-cot2CGNkPsLoWCei5/so2WGzt1k=
  dependencies:
    rc-trigger "^4.0.0"

rc-tree-select@~3.1.0:
  version "3.1.2"
  resolved "https://registry.npm.taobao.org/rc-tree-select/download/rc-tree-select-3.1.2.tgz#d71d505071df80be01abd0dfcafd4c2cbd9cde24"
  integrity sha1-1x1QUHHfgL4Bq9Dfyv1MLL2c3iQ=
  dependencies:
    classnames "2.x"
    rc-select "^10.1.0"
    rc-tree "^3.1.0"
    rc-util "^4.17.0"

rc-tree@^3.1.0, rc-tree@~3.1.0:
  version "3.1.2"
  resolved "https://registry.npm.taobao.org/rc-tree/download/rc-tree-3.1.2.tgz#14aae3167a6189ff401082d8a17adb8d8df00843"
  integrity sha1-FKrjFnphif9AEILYoXrbjY3wCEM=
  dependencies:
    classnames "2.x"
    prop-types "^15.5.8"
    rc-animate "^2.9.2"
    rc-util "^4.11.0"
    rc-virtual-list "^1.1.0"
    react-lifecycles-compat "^3.0.4"

rc-trigger@^4.0.0, rc-trigger@~4.0.0:
  version "4.0.2"
  resolved "https://registry.npm.taobao.org/rc-trigger/download/rc-trigger-4.0.2.tgz#42fe7bdb6a5b34035e20fa9ebfad69ec948b56be"
  integrity sha1-Qv5722pbNANeIPqev61p7JSLVr4=
  dependencies:
    classnames "^2.2.6"
    prop-types "15.x"
    raf "^3.4.1"
    rc-align "^3.0.0-rc.0"
    rc-animate "^2.10.2"
    rc-util "^4.20.0"

rc-upload@~3.0.0:
  version "3.0.0"
  resolved "https://registry.npm.taobao.org/rc-upload/download/rc-upload-3.0.0.tgz?cache=0&other_urls=https%3A%2F%2Fregistry.npm.taobao.org%2Frc-upload%2Fdownload%2Frc-upload-3.0.0.tgz#1365a77405b2df82749e55bcc475ee0de9424370"
  integrity sha1-E2WndAWy34J0nlW8xHXuDelCQ3A=
  dependencies:
    babel-runtime "6.x"
    classnames "^2.2.5"

rc-util@^4.0.4, rc-util@^4.3.0, rc-util@^4.5.1, rc-util@^4.6.0, rc-util@^4.8.0:
  version "4.8.8"
  resolved "https://registry.npm.taobao.org/rc-util/download/rc-util-4.8.8.tgz?cache=0&sync_timestamp=1565251124573&other_urls=https%3A%2F%2Fregistry.npm.taobao.org%2Frc-util%2Fdownload%2Frc-util-4.8.8.tgz#c5eb37512551f2dba9f75d9675feb049daea4e5f"
  integrity sha1-xes3USVR8tup912Wdf6wSdrqTl8=
  dependencies:
    add-dom-event-listener "^1.1.0"
    babel-runtime "6.x"
    prop-types "^15.5.10"
    react-lifecycles-compat "^3.0.4"
    shallowequal "^0.2.2"

rc-util@^4.11.0, rc-util@^4.12.0, rc-util@^4.13.0, rc-util@^4.14.0, rc-util@^4.15.3, rc-util@^4.16.1, rc-util@^4.17.0, rc-util@^4.20.0, rc-util@^4.20.1, rc-util@^4.9.0:
  version "4.20.3"
  resolved "https://registry.npm.taobao.org/rc-util/download/rc-util-4.20.3.tgz#c4d4ee6171cf685dc75572752a764310325888d3"
  integrity sha1-xNTuYXHPaF3HVXJ1KnZDEDJYiNM=
  dependencies:
    add-dom-event-listener "^1.1.0"
    prop-types "^15.5.10"
    react-is "^16.12.0"
    react-lifecycles-compat "^3.0.4"
    shallowequal "^1.1.0"

rc-virtual-list@^1.1.0:
  version "1.1.1"
  resolved "https://registry.npm.taobao.org/rc-virtual-list/download/rc-virtual-list-1.1.1.tgz#824a2c210729ca738e041b8da9e3347cc6650e40"
  integrity sha1-gkosIQcpynOOBBuNqeM0fMZlDkA=
  dependencies:
    classnames "^2.2.6"
    rc-util "^4.8.0"

react-is@^16.12.0:
  version "16.13.1"
  resolved "https://registry.npm.taobao.org/react-is/download/react-is-16.13.1.tgz?cache=0&sync_timestamp=1584647638005&other_urls=https%3A%2F%2Fregistry.npm.taobao.org%2Freact-is%2Fdownload%2Freact-is-16.13.1.tgz#789729a4dc36de2999dc156dd6c1d9c18cea56a4"
  integrity sha1-eJcppNw23imZ3BVt1sHZwYzqVqQ=

react-is@^16.6.0, react-is@^16.7.0, react-is@^16.8.1:
  version "16.9.0"
  resolved "https://registry.npm.taobao.org/react-is/download/react-is-16.9.0.tgz#21ca9561399aad0ff1a7701c01683e8ca981edcb"
  integrity sha1-IcqVYTmarQ/xp3AcAWg+jKmB7cs=

react-lifecycles-compat@^3.0.2, react-lifecycles-compat@^3.0.4:
  version "3.0.4"
  resolved "https://registry.npm.taobao.org/react-lifecycles-compat/download/react-lifecycles-compat-3.0.4.tgz#4f1a273afdfc8f3488a8c516bfda78f872352362"
  integrity sha1-TxonOv38jzSIqMUWv9p4+HI1I2I=

react-router@^5.1.2:
  version "5.1.2"
  resolved "https://registry.npm.taobao.org/react-router/download/react-router-5.1.2.tgz#6ea51d789cb36a6be1ba5f7c0d48dd9e817d3418"
  integrity sha1-bqUdeJyzamvhul98DUjdnoF9NBg=
  dependencies:
    "@babel/runtime" "^7.1.2"
    history "^4.9.0"
    hoist-non-react-statics "^3.1.0"
    loose-envify "^1.3.1"
    mini-create-react-context "^0.3.0"
    path-to-regexp "^1.7.0"
    prop-types "^15.6.2"
    react-is "^16.6.0"
    tiny-invariant "^1.0.2"
    tiny-warning "^1.0.0"

react@^16.13.1:
  version "16.13.1"
  resolved "https://registry.npm.taobao.org/react/download/react-16.13.1.tgz#2e818822f1a9743122c063d6410d85c1e3afe48e"
  integrity sha1-LoGIIvGpdDEiwGPWQQ2FweOv5I4=
  dependencies:
    loose-envify "^1.1.0"
    object-assign "^4.1.1"
    prop-types "^15.6.2"

regenerator-runtime@^0.11.0:
  version "0.11.1"
  resolved "https://registry.npm.taobao.org/regenerator-runtime/download/regenerator-runtime-0.11.1.tgz#be05ad7f9bf7d22e056f9726cee5017fbf19e2e9"
  integrity sha1-vgWtf5v30i4Fb5cmzuUBf78Z4uk=

regenerator-runtime@^0.13.2:
  version "0.13.3"
  resolved "https://registry.npm.taobao.org/regenerator-runtime/download/regenerator-runtime-0.13.3.tgz#7cf6a77d8f5c6f60eb73c5fc1955b2ceb01e6bf5"
  integrity sha1-fPanfY9cb2Drc8X8GVWyzrAea/U=

regenerator-runtime@^0.13.4:
  version "0.13.5"
  resolved "https://registry.npm.taobao.org/regenerator-runtime/download/regenerator-runtime-0.13.5.tgz?cache=0&sync_timestamp=1584052481783&other_urls=https%3A%2F%2Fregistry.npm.taobao.org%2Fregenerator-runtime%2Fdownload%2Fregenerator-runtime-0.13.5.tgz#d878a1d094b4306d10b9096484b33ebd55e26697"
  integrity sha1-2Hih0JS0MG0QuQlkhLM+vVXiZpc=

resize-observer-polyfill@^1.5.0, resize-observer-polyfill@^1.5.1:
  version "1.5.1"
  resolved "https://registry.npm.taobao.org/resize-observer-polyfill/download/resize-observer-polyfill-1.5.1.tgz#0e9020dd3d21024458d4ebd27e23e40269810464"
  integrity sha1-DpAg3T0hAkRY1OvSfiPkAmmBBGQ=

resolve-pathname@^2.2.0:
  version "2.2.0"
  resolved "https://registry.npm.taobao.org/resolve-pathname/download/resolve-pathname-2.2.0.tgz#7e9ae21ed815fd63ab189adeee64dc831eefa879"
  integrity sha1-fpriHtgV/WOrGJre7mTcgx7vqHk=

rimraf@^3.0.2:
  version "3.0.2"
  resolved "https://registry.npm.taobao.org/rimraf/download/rimraf-3.0.2.tgz?cache=0&sync_timestamp=1581229865753&other_urls=https%3A%2F%2Fregistry.npm.taobao.org%2Frimraf%2Fdownload%2Frimraf-3.0.2.tgz#f1a5402ba6220ad52cc1282bac1ae3aa49fd061a"
  integrity sha1-8aVAK6YiCtUswSgrrBrjqkn9Bho=
  dependencies:
    glob "^7.1.3"

rmc-feedback@^2.0.0:
  version "2.0.0"
  resolved "https://registry.npm.taobao.org/rmc-feedback/download/rmc-feedback-2.0.0.tgz#cbc6cb3ae63c7a635eef0e25e4fbaf5ac366eeaa"
  integrity sha1-y8bLOuY8emNe7w4l5PuvWsNm7qo=
  dependencies:
    babel-runtime "6.x"
    classnames "^2.2.5"

scroll-into-view-if-needed@^2.2.20:
  version "2.2.24"
  resolved "https://registry.npm.taobao.org/scroll-into-view-if-needed/download/scroll-into-view-if-needed-2.2.24.tgz#12bca532990769bd509115a49edcfa755e92a0ea"
  integrity sha1-ErylMpkHab1QkRWkntz6dV6SoOo=
  dependencies:
    compute-scroll-into-view "^1.0.13"

shallowequal@^0.2.2:
  version "0.2.2"
  resolved "https://registry.npm.taobao.org/shallowequal/download/shallowequal-0.2.2.tgz#1e32fd5bcab6ad688a4812cb0cc04efc75c7014e"
  integrity sha1-HjL9W8q2rWiKSBLLDMBO/HXHAU4=
  dependencies:
    lodash.keys "^3.1.2"

shallowequal@^1.0.2, shallowequal@^1.1.0:
  version "1.1.0"
  resolved "https://registry.npm.taobao.org/shallowequal/download/shallowequal-1.1.0.tgz#188d521de95b9087404fd4dcb68b13df0ae4e7f8"
  integrity sha1-GI1SHelbkIdAT9TctosT3wrk5/g=

shebang-command@^2.0.0:
  version "2.0.0"
  resolved "https://registry.npm.taobao.org/shebang-command/download/shebang-command-2.0.0.tgz#ccd0af4f8835fbdc265b82461aaf0c36663f34ea"
  integrity sha1-zNCvT4g1+9wmW4JGGq8MNmY/NOo=
  dependencies:
    shebang-regex "^3.0.0"

shebang-regex@^3.0.0:
  version "3.0.0"
  resolved "https://registry.npm.taobao.org/shebang-regex/download/shebang-regex-3.0.0.tgz#ae16f1644d873ecad843b0307b143362d4c42172"
  integrity sha1-rhbxZE2HPsrYQ7AwexQzYtTEIXI=

string-convert@^0.2.0:
  version "0.2.1"
  resolved "https://registry.npm.taobao.org/string-convert/download/string-convert-0.2.1.tgz#6982cc3049fbb4cd85f8b24568b9d9bf39eeff97"
  integrity sha1-aYLMMEn7tM2F+LJFaLnZvznu/5c=

tiny-invariant@^1.0.2:
  version "1.0.6"
  resolved "https://registry.npm.taobao.org/tiny-invariant/download/tiny-invariant-1.0.6.tgz#b3f9b38835e36a41c843a3b0907a5a7b3755de73"
  integrity sha1-s/mziDXjakHIQ6OwkHpaezdV3nM=

tiny-warning@^1.0.0, tiny-warning@^1.0.2:
  version "1.0.3"
  resolved "https://registry.npm.taobao.org/tiny-warning/download/tiny-warning-1.0.3.tgz#94a30db453df4c643d0fd566060d60a875d84754"
  integrity sha1-lKMNtFPfTGQ9D9VmBg1gqHXYR1Q=

tinycolor2@^1.4.1:
  version "1.4.1"
  resolved "https://registry.npm.taobao.org/tinycolor2/download/tinycolor2-1.4.1.tgz#f4fad333447bc0b07d4dc8e9209d8f39a8ac77e8"
  integrity sha1-9PrTM0R7wLB9TcjpIJ2POaisd+g=

toggle-selection@^1.0.6:
  version "1.0.6"
  resolved "https://registry.npm.taobao.org/toggle-selection/download/toggle-selection-1.0.6.tgz#6e45b1263f2017fa0acc7d89d78b15b8bf77da32"
  integrity sha1-bkWxJj8gF/oKzH2J14sVuL932jI=

typescript@^3.8.3:
  version "3.8.3"
  resolved "https://registry.npm.taobao.org/typescript/download/typescript-3.8.3.tgz?cache=0&sync_timestamp=1585553559396&other_urls=https%3A%2F%2Fregistry.npm.taobao.org%2Ftypescript%2Fdownload%2Ftypescript-3.8.3.tgz#409eb8544ea0335711205869ec458ab109ee1061"
  integrity sha1-QJ64VE6gM1cRIFhp7EWKsQnuEGE=

value-equal@^0.4.0:
  version "0.4.0"
  resolved "https://registry.npm.taobao.org/value-equal/download/value-equal-0.4.0.tgz#c5bdd2f54ee093c04839d71ce2e4758a6890abc7"
  integrity sha1-xb3S9U7gk8BIOdcc4uR1imiQq8c=

warning@^4.0.1, warning@^4.0.3, warning@~4.0.3:
  version "4.0.3"
  resolved "https://registry.npm.taobao.org/warning/download/warning-4.0.3.tgz#16e9e077eb8a86d6af7d64aa1e05fd85b4678ca3"
  integrity sha1-Fungd+uKhtavfWSqHgX9hbRnjKM=
  dependencies:
    loose-envify "^1.0.0"

which@^2.0.1:
  version "2.0.2"
  resolved "https://registry.npm.taobao.org/which/download/which-2.0.2.tgz?cache=0&sync_timestamp=1574116720213&other_urls=https%3A%2F%2Fregistry.npm.taobao.org%2Fwhich%2Fdownload%2Fwhich-2.0.2.tgz#7c6a8dd0a636a0327e10b59c9286eee93f3f51b1"
  integrity sha1-fGqN0KY2oDJ+ELWckobu6T8/UbE=
  dependencies:
    isexe "^2.0.0"

wrappy@1:
  version "1.0.2"
  resolved "https://registry.npm.taobao.org/wrappy/download/wrappy-1.0.2.tgz#b5243d8f3ec1aa35f1364605bc0d1036e30ab69f"
  integrity sha1-tSQ9jz7BqjXxNkYFvA0QNuMKtp8=
